# This file is @generated by PDM.
# It is not intended for manual editing.

[metadata]
groups = ["default"]
strategy = ["cross_platform", "inherit_metadata"]
lock_version = "4.4.2"
content_hash = "sha256:a00dbfd329f3238b80ac3b6d96df0f02b35e781e8d526692059dbf66cb25a45f"

[[package]]
name = "team-divide"
version = "0.1.0"
requires_python = ">=3.9"
summary = "Default template for PDM package"
groups = ["default"]
files = [
    {file = "team_divide-0.1.0-py3-none-any.whl", hash = "sha256:3bd446fd48b59b58d2b47794e617490b2b21484c5c9890ea9042f35b0af58732"},
    {file = "team_divide-0.1.0.tar.gz", hash = "sha256:d9edfef3cc96fc60c205ca457c68978f64765085e298bb8de34eaeb83422fddd"},
]

[[package]]
name = "team-mul"
version = "0.1.0"
requires_python = ">=3.9"
summary = "Default template for PDM package"
groups = ["default"]
files = [
    {file = "team_mul-0.1.0-py3-none-any.whl", hash = "sha256:d4da3c2c693afc06aa03d9a1765c794f8c9251abfbe4801160e33da7b663172d"},
    {file = "team_mul-0.1.0.tar.gz", hash = "sha256:7c6dfaa7d1552589e9f71e7493d5f6926e3b705fd68a1a8c046d2fc7c48510fc"},
]

[[package]]
name = "team-plus"
version = "0.1.0"
requires_python = ">=3.9"
summary = "Default template for PDM package"
groups = ["default"]
files = [
    {file = "team_plus-0.1.0-py3-none-any.whl", hash = "sha256:927720d58b50846ccae84eb86be74b62751a60db28d24787dfeba8d9573f13fb"},
    {file = "team_plus-0.1.0.tar.gz", hash = "sha256:076f2de3b289e01de55897b0e26fd05d967be8e4e7458caad9b2ca4dc75ec147"},
]
