# This file is @generated by PDM.
# It is not intended for manual editing.

[metadata]
groups = ["default"]
strategy = ["cross_platform", "inherit_metadata"]
lock_version = "4.4.2"
content_hash = "sha256:7ba041ed6785883ca653139f6ed7663e830f221329f51abd9d491bafed4d59d2"

[[package]]
name = "team-divide"
version = "0.1.3"
requires_python = ">=3.9"
summary = "Default template for PDM package"
groups = ["default"]
files = [
    {file = "team_divide-0.1.3-py3-none-any.whl", hash = "sha256:915506faa90aca89a4d26bfa3cbc41414fb565c9b09cdbd02859481450f2f228"},
    {file = "team_divide-0.1.3.tar.gz", hash = "sha256:aca2345d8e31282163923bd3e10d01d541757d79d134d99578a06fa4db2c7268"},
]

[[package]]
name = "team-mul"
version = "0.1.1"
requires_python = ">=3.9"
summary = "Default template for PDM package"
groups = ["default"]
files = [
    {file = "team_mul-0.1.1-py3-none-any.whl", hash = "sha256:9acf552c8680fe8ffbf24d8379039a294002fefc6695124bfeebd47fb2952ddf"},
    {file = "team_mul-0.1.1.tar.gz", hash = "sha256:ec38e1c63e9bdaee246ca964a63e76d2b4dbbfb732a37a130b8c88aaa36cdf9a"},
]

[[package]]
name = "team-plus"
version = "0.4.0"
requires_python = ">=3.9"
summary = "Default template for PDM package"
groups = ["default"]
files = [
    {file = "team_plus-0.4.0-py3-none-any.whl", hash = "sha256:11de52223140a3fbdac117fab00b12f761c400b2f5347bbb4240c3ab537bf705"},
    {file = "team_plus-0.4.0.tar.gz", hash = "sha256:d8335ff556c35ca7b2a480d6e1a309c5a225c2a5fe8a3a7991c821c1c4e53c7a"},
]
